
Microsoft Visual Studio Solution File, Format Version 12.00
# Visual Studio Version 17
VisualStudioVersion = 17.7.34024.191
MinimumVisualStudioVersion = 10.0.40219.1
Project("{FAE04EC0-301F-11D3-BF4B-00C04F79EFBC}") = "TicTacToe", "TicTacToe\TicTacToe.csproj", "{C3FFD4D5-46C3-4803-ACA2-1EB9C04FEC81}"
EndProject
Global
	GlobalSection(SolutionConfigurationPlatforms) = preSolution
		Debug|Any CPU = Debug|Any CPU
		Release|Any CPU = Release|Any CPU
	EndGlobalSection
	GlobalSection(ProjectConfigurationPlatforms) = postSolution
		{C3FFD4D5-46C3-4803-ACA2-1EB9C04FEC81}.Debug|Any CPU.ActiveCfg = Debug|Any CPU
		{C3FFD4D5-46C3-4803-ACA2-1EB9C04FEC81}.Debug|Any CPU.Build.0 = Debug|Any CPU
		{C3FFD4D5-46C3-4803-ACA2-1EB9C04FEC81}.Release|Any CPU.ActiveCfg = Release|Any CPU
		{C3FFD4D5-46C3-4803-ACA2-1EB9C04FEC81}.Release|Any CPU.Build.0 = Release|Any CPU
	EndGlobalSection
	GlobalSection(SolutionProperties) = preSolution
		HideSolutionNode = FALSE
	EndGlobalSection
	GlobalSection(ExtensibilityGlobals) = postSolution
		SolutionGuid = {883C1535-5D6A-42B0-B37C-63F6D39DD8FC}
	EndGlobalSection
EndGlobal
